{
  "version": "3",
  "packages": {
    "specifiers": {
      "jsr:@std/async@^1.0.0-rc.1": "jsr:@std/async@1.0.0-rc.4",
      "jsr:@std/cli@^0.224.7": "jsr:@std/cli@0.224.7",
      "jsr:@std/dotenv@^0.224.2": "jsr:@std/dotenv@0.224.2",
      "jsr:@std/encoding@1.0.0-rc.2": "jsr:@std/encoding@1.0.0-rc.2",
      "jsr:@std/fmt@^0.225.4": "jsr:@std/fmt@0.225.6",
      "jsr:@std/fs@^0.229.3": "jsr:@std/fs@0.229.3",
      "jsr:@std/http@^0.224.5": "jsr:@std/http@0.224.5",
      "jsr:@std/media-types@^1.0.0-rc.1": "jsr:@std/media-types@1.0.1",
      "jsr:@std/net@^0.224.3": "jsr:@std/net@0.224.5",
      "jsr:@std/path@1.0.0-rc.1": "jsr:@std/path@1.0.0-rc.1",
      "jsr:@std/path@1.0.0-rc.2": "jsr:@std/path@1.0.0-rc.2",
      "jsr:@std/path@^1.0.0": "jsr:@std/path@1.0.0",
      "jsr:@std/streams@^0.224.5": "jsr:@std/streams@0.224.5",
      "jsr:@std/yaml@^0.224.3": "jsr:@std/yaml@0.224.3"
    },
    "jsr": {
      "@std/async@1.0.0-rc.4": {
        "integrity": "6d16ba99f2df32a7aa587c99e2a87140cc1eb8f38321dab3415b624bce90cc14"
      },
      "@std/cli@0.224.7": {
        "integrity": "654ca6477518e5e3a0d3fabafb2789e92b8c0febf1a1d24ba4b567aba94b5977"
      },
      "@std/dotenv@0.224.2": {
        "integrity": "29081695357e4534696c9e986b2560be29c141ccf52daa32b6c20ff5b5c64ab9"
      },
      "@std/encoding@1.0.0-rc.2": {
        "integrity": "160d7674a20ebfbccdf610b3801fee91cf6e42d1c106dd46bbaf46e395cd35ef"
      },
      "@std/fmt@0.225.6": {
        "integrity": "aba6aea27f66813cecfd9484e074a9e9845782ab0685c030e453a8a70b37afc8"
      },
      "@std/fs@0.229.3": {
        "integrity": "783bca21f24da92e04c3893c9e79653227ab016c48e96b3078377ebd5222e6eb",
        "dependencies": [
          "jsr:@std/path@1.0.0-rc.1"
        ]
      },
      "@std/http@0.224.5": {
        "integrity": "b03b5d1529f6c423badfb82f6640f9f2557b4034cd7c30655ba5bb447ff750a4",
        "dependencies": [
          "jsr:@std/async@^1.0.0-rc.1",
          "jsr:@std/cli@^0.224.7",
          "jsr:@std/encoding@1.0.0-rc.2",
          "jsr:@std/fmt@^0.225.4",
          "jsr:@std/media-types@^1.0.0-rc.1",
          "jsr:@std/net@^0.224.3",
          "jsr:@std/path@1.0.0-rc.2",
          "jsr:@std/streams@^0.224.5"
        ]
      },
      "@std/media-types@1.0.1": {
        "integrity": "f2ddc3497be0bd87ac0c9b9b26bb454f76bdc45e1b9a12146af47fab3ba2828c"
      },
      "@std/net@0.224.5": {
        "integrity": "9c2ae90a5c3dc7771da5ae5e13b6f7d5d0b316c1954c5d53f2bfc1129fb757ff"
      },
      "@std/path@1.0.0": {
        "integrity": "77fcb858b6e38777d1154df0f02245ba0b07e2c40ca3c0eec57c9233188c2d21"
      },
      "@std/path@1.0.0-rc.1": {
        "integrity": "b8c00ae2f19106a6bb7cbf1ab9be52aa70de1605daeb2dbdc4f87a7cbaf10ff6"
      },
      "@std/path@1.0.0-rc.2": {
        "integrity": "39f20d37a44d1867abac8d91c169359ea6e942237a45a99ee1e091b32b921c7d"
      },
      "@std/streams@0.224.5": {
        "integrity": "bcde7818dd5460d474cdbd674b15f6638b9cd73cd64e52bd852fba2bd4d8ec91"
      },
      "@std/yaml@0.224.3": {
        "integrity": "9da1ed0094f42ba24570b4d88a094b44a793ac7f2bc085c1939d3ac7e11cc0bb"
      }
    }
  },
  "redirects": {
    "https://deno.land/x/handlebars/mod.ts": "https://deno.land/x/handlebars@v0.10.0/mod.ts",
    "https://deno.land/x/rusty_markdown/mod.ts": "https://deno.land/x/rusty_markdown@v0.4.1/mod.ts"
  },
  "remote": {
    "https://deno.land/std@0.181.0/_util/asserts.ts": "178dfc49a464aee693a7e285567b3d0b555dc805ff490505a8aae34f9cfb1462",
    "https://deno.land/std@0.181.0/_util/os.ts": "d932f56d41e4f6a6093d56044e29ce637f8dcc43c5a90af43504a889cf1775e3",
    "https://deno.land/std@0.181.0/fs/_util.ts": "65381f341af1ff7f40198cee15c20f59951ac26e51ddc651c5293e24f9ce6f32",
    "https://deno.land/std@0.181.0/fs/copy.ts": "14214efd94fc3aa6db1e4af2b4b9578e50f7362b7f3725d5a14ad259a5df26c8",
    "https://deno.land/std@0.181.0/fs/empty_dir.ts": "c3d2da4c7352fab1cf144a1ecfef58090769e8af633678e0f3fabaef98594688",
    "https://deno.land/std@0.181.0/fs/ensure_dir.ts": "dc64c4c75c64721d4e3fb681f1382f803ff3d2868f08563ff923fdd20d071c40",
    "https://deno.land/std@0.181.0/fs/ensure_file.ts": "c38602670bfaf259d86ca824a94e6cb9e5eb73757fefa4ebf43a90dd017d53d9",
    "https://deno.land/std@0.181.0/fs/ensure_link.ts": "c0f5b2f0ec094ed52b9128eccb1ee23362a617457aa0f699b145d4883f5b2fb4",
    "https://deno.land/std@0.181.0/fs/ensure_symlink.ts": "5006ab2f458159c56d689b53b1e48d57e05eeb1eaf64e677f7f76a30bc4fdba1",
    "https://deno.land/std@0.181.0/fs/eol.ts": "f1f2eb348a750c34500741987b21d65607f352cf7205f48f4319d417fff42842",
    "https://deno.land/std@0.181.0/fs/exists.ts": "b8c8a457b71e9d7f29b9d2f87aad8dba2739cbe637e8926d6ba6e92567875f8e",
    "https://deno.land/std@0.181.0/fs/expand_glob.ts": "e4f56259a0a70fe23f05215b00de3ac5e6ba46646ab2a06ebbe9b010f81c972a",
    "https://deno.land/std@0.181.0/fs/mod.ts": "bc3d0acd488cc7b42627044caf47d72019846d459279544e1934418955ba4898",
    "https://deno.land/std@0.181.0/fs/move.ts": "4cb47f880e3f0582c55e71c9f8b1e5e8cfaacb5e84f7390781dd563b7298ec19",
    "https://deno.land/std@0.181.0/fs/walk.ts": "ea95ffa6500c1eda6b365be488c056edc7c883a1db41ef46ec3bf057b1c0fe32",
    "https://deno.land/std@0.181.0/path/_constants.ts": "e49961f6f4f48039c0dfed3c3f93e963ca3d92791c9d478ac5b43183413136e0",
    "https://deno.land/std@0.181.0/path/_interface.ts": "6471159dfbbc357e03882c2266d21ef9afdb1e4aa771b0545e90db58a0ba314b",
    "https://deno.land/std@0.181.0/path/_util.ts": "d7abb1e0dea065f427b89156e28cdeb32b045870acdf865833ba808a73b576d0",
    "https://deno.land/std@0.181.0/path/common.ts": "ee7505ab01fd22de3963b64e46cff31f40de34f9f8de1fff6a1bd2fe79380000",
    "https://deno.land/std@0.181.0/path/glob.ts": "d479e0a695621c94d3fd7fe7abd4f9499caf32a8de13f25073451c6ef420a4e1",
    "https://deno.land/std@0.181.0/path/mod.ts": "bf718f19a4fdd545aee1b06409ca0805bd1b68ecf876605ce632e932fe54510c",
    "https://deno.land/std@0.181.0/path/posix.ts": "8b7c67ac338714b30c816079303d0285dd24af6b284f7ad63da5b27372a2c94d",
    "https://deno.land/std@0.181.0/path/separator.ts": "0fb679739d0d1d7bf45b68dacfb4ec7563597a902edbaf3c59b50d5bcadd93b1",
    "https://deno.land/std@0.181.0/path/win32.ts": "d186344e5583bcbf8b18af416d13d82b35a317116e6460a5a3953508c3de5bba",
    "https://deno.land/std@0.224.0/front_matter/_formats.ts": "9a8ac1524f93b3ae093bd66864a49fc0088037920c6d60863da136d10f92e04d",
    "https://deno.land/std@0.224.0/front_matter/create_extractor.ts": "642e6e55cd07864b7c8068f88d271290d5d0a13d979ad335e10a7f52046b1f80",
    "https://deno.land/std@0.224.0/front_matter/yaml.ts": "103b8338bec480c6b7a7e245cf6bda72682eb78ed2231c799a4526d52cb6888a",
    "https://deno.land/std@0.224.0/yaml/_error.ts": "f38cdebdb69cde16903d9aa2f3b8a3dd9d13e5f7f3570bf662bfaca69fef669e",
    "https://deno.land/std@0.224.0/yaml/_loader/loader.ts": "bf9e8a99770b59bc887b43ebccea108cbe9146ae32d91f7ce558d62c946d3fe3",
    "https://deno.land/std@0.224.0/yaml/_loader/loader_state.ts": "ee216de6040551940b85473c3185fdb7a6f3030b77153f87a6b7f63f82e489ea",
    "https://deno.land/std@0.224.0/yaml/_mark.ts": "61097a614857fcebf7b2ecad057916d74c90cd160117a33c9e74bac60457410a",
    "https://deno.land/std@0.224.0/yaml/_state.ts": "f3b1c1fd11860302f1f33e35e9ce089bf069d4943e8d67516cd6bedbba058c13",
    "https://deno.land/std@0.224.0/yaml/_type/binary.ts": "f1a6e1d83dcc52b21cc3639cd98be44051cfc54065cc4f2a42065bce07ebc07d",
    "https://deno.land/std@0.224.0/yaml/_type/bool.ts": "121743b23ba82a27ad6a3ec6298c7f5b0908f90e52707f8644a91f7ad51ed2ef",
    "https://deno.land/std@0.224.0/yaml/_type/float.ts": "c5ed84b0aec1ec5dc05f6abfaaff672e8890d4d44a42120b4445c9754fca4eba",
    "https://deno.land/std@0.224.0/yaml/_type/function.ts": "bbf705058942bf3370604b37eb77a10aadd72f986c237c9f69b43378a42202c1",
    "https://deno.land/std@0.224.0/yaml/_type/int.ts": "c2dc88438a60fccc8d2226042bd18b9967753adaf6bd145feb8b99d567e432ce",
    "https://deno.land/std@0.224.0/yaml/_type/map.ts": "ae2acb1cb837fb8e96c75c98611cfd45af847d0114ab5336333c318e7d4b12f4",
    "https://deno.land/std@0.224.0/yaml/_type/merge.ts": "ad0d971f91d2fb9f4ab3eba0c837eae357b1804d6b798adc99dc917bc5306b11",
    "https://deno.land/std@0.224.0/yaml/_type/mod.ts": "e8929d7b1c969a74f76338d4eb380ef8c4a26cd6441117d521f076b766e9c265",
    "https://deno.land/std@0.224.0/yaml/_type/nil.ts": "cbe4387d02d5933322c21b25d8955c5e6228c492e391a6fb82dcf4f498cc421c",
    "https://deno.land/std@0.224.0/yaml/_type/omap.ts": "cda915105ab22ba9e1d6317adacee8eec2d8ddaf864cc2f814e3e476946e72c6",
    "https://deno.land/std@0.224.0/yaml/_type/pairs.ts": "dd39bb44c1b9abaf6172c63f73350475933151f07e05253b81f7860c9b507177",
    "https://deno.land/std@0.224.0/yaml/_type/regexp.ts": "e49eb9e1c9356fd142bc15f7f323820d411fcc537b5ba3896df9a8b812d270a4",
    "https://deno.land/std@0.224.0/yaml/_type/seq.ts": "2deffc7f970869bc01a1541b4961d076329a1c2b30b95e07918f3132db7c3fe2",
    "https://deno.land/std@0.224.0/yaml/_type/set.ts": "be8a9e7237a7ffc92dfbe7f5e552d84b7eeba60f3f73cc77fc3c59d3506c74ea",
    "https://deno.land/std@0.224.0/yaml/_type/str.ts": "88f0a1ba12295520cd57e96cd78d53aa0787d53c7a1c506155f418c496c2f550",
    "https://deno.land/std@0.224.0/yaml/_type/timestamp.ts": "277a41a40fb93c3b2b3f5c373bf11b0b7856cc6a7b919e8ea130755e4029edc5",
    "https://deno.land/std@0.224.0/yaml/_type/undefined.ts": "9d215953c65740f1764e0bdca021007573473f0c49e087f00d9ff02817ecfc97",
    "https://deno.land/std@0.224.0/yaml/_utils.ts": "91bbe28b5e7000b9594e40ff5353f8fe7a7ba914eec917e1202cbaf5ac931c58",
    "https://deno.land/std@0.224.0/yaml/parse.ts": "f45278d9ebccb789af4eceeffa5c291e194bcf1fa9aab1b34ff52c2bd4a9d886",
    "https://deno.land/std@0.224.0/yaml/schema.ts": "a0f7956d997852b5d1c6564bd73eb7352175cfba439707ac819b65b5a2ec173a",
    "https://deno.land/std@0.224.0/yaml/schema/core.ts": "0a37c07710e3df4eb4edc02f4edf623bf8df5af72b34d8a7c0229d0bac2a7043",
    "https://deno.land/std@0.224.0/yaml/schema/default.ts": "1367fd30420c7071ecc67e5b470838474e8259aaf64460f314af4b6bd8da497c",
    "https://deno.land/std@0.224.0/yaml/schema/extended.ts": "248180c22697f37ed173057eae62ce4879865bb59f30c4908d698bed5edcc7c5",
    "https://deno.land/std@0.224.0/yaml/schema/failsafe.ts": "0ac1cae5b86d8fe2c83ad0a17f8adc33106a452b7139f84e4b0bfaee2206730e",
    "https://deno.land/std@0.224.0/yaml/schema/json.ts": "a0228a0c0bad7dece17ab848774fcadc2ccb5e51775c2d58d21d486917ba3ba1",
    "https://deno.land/std@0.224.0/yaml/schema/mod.ts": "0e1558a4823834f106675e48ddc15338e04f6f18469d1a7d6b3f0e1ab06abcb2",
    "https://deno.land/std@0.224.0/yaml/type.ts": "708dde5f20b01cc1096489b7155b6af79a217d585afb841128e78c3c2391eb5c",
    "https://deno.land/x/handlebars@v0.10.0/mod.ts": "7d0bbcf1870f3a71199e0a2e05d3f2d536aa3a4d975598364d94efc8dd94d0ee",
    "https://deno.land/x/rusty_markdown@v0.4.1/event.ts": "d77c27dca6e70837f2adcffecdb032742dd6e79cf2d56d73227f2eaa910cb6c4",
    "https://deno.land/x/rusty_markdown@v0.4.1/mod.ts": "3ed2f7b57ef13b56e4f5b650e3696778bf3ea528f748fd3876d97ade189cdab6",
    "https://esm.sh/handlebars@4.7.7": "d06e76a5f1c37b8b5a5115e6bf284933f7dd1592594943d43b68830c4e5807d0",
    "https://esm.sh/handlebars@4.7.8": "216fcab7c7eed350aff771ac741f7ded527bc1c5a88adf3e6970975cbd1f49e8",
    "https://esm.sh/v135/handlebars@4.7.7/denonext/handlebars.mjs": "54bcd776736561fd69c50fc895e720143f7e64009e6a81fb8e515b85cbb87616",
    "https://esm.sh/v135/source-map@0.6.1/denonext/source-map.mjs": "ccff3bb06dea7c01a2c83cf12113697592e418fd06b55ae2bb4cb0a4e51a98b8"
  },
  "workspace": {
    "dependencies": [
      "jsr:@std/assert@^1.0.0",
      "jsr:@std/csv@^0.224.3",
      "jsr:@std/datetime@^0.224.3",
      "jsr:@std/dotenv@^0.224.2",
      "jsr:@std/encoding@^1.0.1",
      "jsr:@std/fmt@^0.225.6",
      "jsr:@std/front-matter@^0.224.3",
      "jsr:@std/fs@^0.229.3",
      "jsr:@std/html@^1.0.0",
      "jsr:@std/http@^0.224.5",
      "jsr:@std/log@^0.224.5",
      "jsr:@std/media-types@^1.0.1",
      "jsr:@std/path@^1.0.0",
      "jsr:@std/url@^0.224.1",
      "jsr:@std/yaml@^0.224.3"
    ]
  }
}
